
Microsoft Visual Studio Solution File, Format Version 12.00
# Visual Studio 15
VisualStudioVersion = 15.0.27130.2036
MinimumVisualStudioVersion = 10.0.40219.1
Project("{2150E333-8FDC-42A3-9474-1A3956D46DE8}") = "src", "src", "{E14E6868-118D-454A-BFC6-4A9A5BEDA77D}"
EndProject
Project("{2150E333-8FDC-42A3-9474-1A3956D46DE8}") = "test", "test", "{2B73FD2E-85FB-4FD0-8251-4B10D427FEC4}"
EndProject
Project("{2150E333-8FDC-42A3-9474-1A3956D46DE8}") = "Solution Items", "Solution Items", "{93617D01-6FCE-4104-9BD6-D637FB304995}"
	ProjectSection(SolutionItems) = preProject
		.editorconfig = .editorconfig
		.gitattributes = .gitattributes
		.gitignore = .gitignore
		Deploy.ps1 = Deploy.ps1
		nuget.config = nuget.config
		README.md = README.md
	EndProjectSection
EndProject
Project("{9A19103F-16F7-4668-BE54-9A1E7A4F7556}") = "Unmanaged", "src\Unmanaged\Unmanaged.csproj", "{551811AF-6551-45FF-B022-8EE741F6387A}"
EndProject
Project("{FAE04EC0-301F-11D3-BF4B-00C04F79EFBC}") = "Unmanaged.Tests", "test\Unmanaged.Tests\Unmanaged.Tests.csproj", "{3A4F0B3F-626B-46F6-BBF5-58D2E969CB8B}"
EndProject
Global
	GlobalSection(SolutionConfigurationPlatforms) = preSolution
		Debug|Any CPU = Debug|Any CPU
		Release|Any CPU = Release|Any CPU
	EndGlobalSection
	GlobalSection(ProjectConfigurationPlatforms) = postSolution
		{551811AF-6551-45FF-B022-8EE741F6387A}.Debug|Any CPU.ActiveCfg = Debug|Any CPU
		{551811AF-6551-45FF-B022-8EE741F6387A}.Debug|Any CPU.Build.0 = Debug|Any CPU
		{551811AF-6551-45FF-B022-8EE741F6387A}.Release|Any CPU.ActiveCfg = Release|Any CPU
		{551811AF-6551-45FF-B022-8EE741F6387A}.Release|Any CPU.Build.0 = Release|Any CPU
		{3A4F0B3F-626B-46F6-BBF5-58D2E969CB8B}.Debug|Any CPU.ActiveCfg = Debug|Any CPU
		{3A4F0B3F-626B-46F6-BBF5-58D2E969CB8B}.Debug|Any CPU.Build.0 = Debug|Any CPU
		{3A4F0B3F-626B-46F6-BBF5-58D2E969CB8B}.Release|Any CPU.ActiveCfg = Release|Any CPU
		{3A4F0B3F-626B-46F6-BBF5-58D2E969CB8B}.Release|Any CPU.Build.0 = Release|Any CPU
	EndGlobalSection
	GlobalSection(SolutionProperties) = preSolution
		HideSolutionNode = FALSE
	EndGlobalSection
	GlobalSection(NestedProjects) = preSolution
		{551811AF-6551-45FF-B022-8EE741F6387A} = {E14E6868-118D-454A-BFC6-4A9A5BEDA77D}
		{3A4F0B3F-626B-46F6-BBF5-58D2E969CB8B} = {2B73FD2E-85FB-4FD0-8251-4B10D427FEC4}
	EndGlobalSection
	GlobalSection(ExtensibilityGlobals) = postSolution
		SolutionGuid = {D7A5129B-69E1-4A40-A2A2-9EB3A67502A7}
	EndGlobalSection
EndGlobal
